
Microsoft Visual Studio Solution File, Format Version 12.00
# Visual Studio Version 17
VisualStudioVersion = 17.5.33530.505
MinimumVisualStudioVersion = 10.0.40219.1
Project("{FAE04EC0-301F-11D3-BF4B-00C04F79EFBC}") = "Softw2Aufgabe.Api", "Softw2Aufgabe.Api\Softw2Aufgabe.Api.csproj", "{ECC015DE-24DF-4547-8D1D-280981DCF411}"
EndProject
Global
	GlobalSection(SolutionConfigurationPlatforms) = preSolution
		Debug|Any CPU = Debug|Any CPU
		Release|Any CPU = Release|Any CPU
	EndGlobalSection
	GlobalSection(ProjectConfigurationPlatforms) = postSolution
		{ECC015DE-24DF-4547-8D1D-280981DCF411}.Debug|Any CPU.ActiveCfg = Debug|Any CPU
		{ECC015DE-24DF-4547-8D1D-280981DCF411}.Debug|Any CPU.Build.0 = Debug|Any CPU
		{ECC015DE-24DF-4547-8D1D-280981DCF411}.Release|Any CPU.ActiveCfg = Release|Any CPU
		{ECC015DE-24DF-4547-8D1D-280981DCF411}.Release|Any CPU.Build.0 = Release|Any CPU
	EndGlobalSection
	GlobalSection(SolutionProperties) = preSolution
		HideSolutionNode = FALSE
	EndGlobalSection
	GlobalSection(ExtensibilityGlobals) = postSolution
		SolutionGuid = {09AD2383-636F-491A-BB35-82D1352DD040}
	EndGlobalSection
EndGlobal
